
Microsoft Visual Studio Solution File, Format Version 12.00
# Visual Studio Version 17
VisualStudioVersion = 17.0.31903.59
MinimumVisualStudioVersion = 10.0.40219.1
Project("{2150E333-8FDC-42A3-9474-1A3956D46DE8}") = "Services", "Services", "{AEDFBAD3-B8C3-4A49-B326-9DC6A054A1AF}"
EndProject
Project("{2150E333-8FDC-42A3-9474-1A3956D46DE8}") = "Category", "Category", "{FADA4ABA-A068-46D8-9B1C-6C38C63D71D9}"
EndProject
Project("{FAE04EC0-301F-11D3-BF4B-00C04F79EFBC}") = "PersonalBlog.CategoryService.Api", "Services\Category\PersonalBlog.CategoryService.Api\PersonalBlog.CategoryService.Api.csproj", "{7E9762FF-24BE-4FBA-968F-741B903F1060}"
EndProject
Project("{FAE04EC0-301F-11D3-BF4B-00C04F79EFBC}") = "PersonalBlog.CategoryService.Application", "Services\Category\PersonalBlog.CategoryService.Application\PersonalBlog.CategoryService.Application.csproj", "{80EAC9BB-DC3C-4BBF-97CF-3EC1AA85A8C2}"
EndProject
Project("{FAE04EC0-301F-11D3-BF4B-00C04F79EFBC}") = "PersonalBlog.CategoryService.Domain", "Services\Category\PersonalBlog.CategoryService.Domain\PersonalBlog.CategoryService.Domain.csproj", "{AB009046-9E1A-461E-87D1-513414252779}"
EndProject
Project("{FAE04EC0-301F-11D3-BF4B-00C04F79EFBC}") = "PersonalBlog.CategoryService.Infrastructure", "Services\Category\PersonalBlog.CategoryService.Infrastructure\PersonalBlog.CategoryService.Infrastructure.csproj", "{F9C42AF1-1B0B-4952-9B2B-63EC57BE8BB4}"
EndProject
Project("{2150E333-8FDC-42A3-9474-1A3956D46DE8}") = "BuildingBlocks", "BuildingBlocks", "{A3BBCA0E-AA96-4522-BC78-28CAA2E63EA3}"
EndProject
Project("{2150E333-8FDC-42A3-9474-1A3956D46DE8}") = "Utilities", "Utilities", "{2F742885-571F-4F0F-830B-DCCE77B53D10}"
EndProject
Project("{FAE04EC0-301F-11D3-BF4B-00C04F79EFBC}") = "PersonalBlog.BuildingBlocks.DependencyResolver", "BuildingBlocks\Utilities\PersonalBlog.BuildingBlocks.DependencyResolver\PersonalBlog.BuildingBlocks.DependencyResolver.csproj", "{1E8D4FEE-31F0-4135-B874-B45CBCB6F3DF}"
EndProject
Project("{FAE04EC0-301F-11D3-BF4B-00C04F79EFBC}") = "PersonalBlog.BuildingBlocks.Extenssions", "BuildingBlocks\Utilities\PersonalBlog.BuildingBlocks.Extenssions\PersonalBlog.BuildingBlocks.Extenssions.csproj", "{49AF322A-68A1-4378-B2BE-34F012D6C09A}"
EndProject
Project("{2150E333-8FDC-42A3-9474-1A3956D46DE8}") = "ApiKeyRepository", "ApiKeyRepository", "{3B11A48E-8249-4196-991B-46EA78E1AC88}"
EndProject
Project("{FAE04EC0-301F-11D3-BF4B-00C04F79EFBC}") = "PersonalBlog.ApiKeyRepository.Api", "Services\ApiKeyRepository\PersonalBlog.ApiKeyRepository.Api\PersonalBlog.ApiKeyRepository.Api.csproj", "{1E7DC6F3-D9B6-4392-BCEC-DF99AE22A833}"
EndProject
Project("{FAE04EC0-301F-11D3-BF4B-00C04F79EFBC}") = "PersonalBlog.ApiKeyRepository.Application", "Services\ApiKeyRepository\PersonalBlog.ApiKeyRepository.Application\PersonalBlog.ApiKeyRepository.Application.csproj", "{53634C5F-D16C-47C8-B08B-8FB3E5EE5C66}"
EndProject
Project("{FAE04EC0-301F-11D3-BF4B-00C04F79EFBC}") = "PersonalBlog.ApiKeyRepository.Domain", "Services\ApiKeyRepository\PersonalBlog.ApiKeyRepository.Domain\PersonalBlog.ApiKeyRepository.Domain.csproj", "{F4AFEBC5-E616-4334-AAC8-9641946A808E}"
EndProject
Project("{FAE04EC0-301F-11D3-BF4B-00C04F79EFBC}") = "PersonalBlog.ApiKeyRepository.Infrastructure", "Services\ApiKeyRepository\PersonalBlog.ApiKeyRepository.Infrastructure\PersonalBlog.ApiKeyRepository.Infrastructure.csproj", "{776187F6-B87E-490A-82DA-DE7290523315}"
EndProject
Project("{2150E333-8FDC-42A3-9474-1A3956D46DE8}") = "SSO", "SSO", "{AA38A0FA-A77D-44E4-A17C-F5CD5730B5AB}"
EndProject
Project("{FAE04EC0-301F-11D3-BF4B-00C04F79EFBC}") = "PersonalBlog.SSO.Web", "Services\SSO\PersonalBlog.SSO.Web\PersonalBlog.SSO.Web.csproj", "{1DA4BD17-B677-4858-933E-288FAC229F81}"
EndProject
Project("{FAE04EC0-301F-11D3-BF4B-00C04F79EFBC}") = "PersonalBlog.SSO.Domain", "Services\SSO\PersonalBlog.SSO.Domain\PersonalBlog.SSO.Domain.csproj", "{69F6F5F3-EB28-4500-81C7-59D5BA26271B}"
EndProject
Project("{FAE04EC0-301F-11D3-BF4B-00C04F79EFBC}") = "PersonalBlog.SSO.Application", "Services\SSO\PersonalBlog.SSO.Application\PersonalBlog.SSO.Application.csproj", "{D6B441EC-BF61-4C9E-9987-E104F74350F9}"
EndProject
Project("{FAE04EC0-301F-11D3-BF4B-00C04F79EFBC}") = "PersonalBlog.SSO.Infrastructure", "Services\SSO\PersonalBlog.SSO.Infrastructure\PersonalBlog.SSO.Infrastructure.csproj", "{BCB72265-A796-4D5D-90B7-A8128A7679C2}"
EndProject
Project("{2150E333-8FDC-42A3-9474-1A3956D46DE8}") = "ConfigProvider", "ConfigProvider", "{7BE0466E-E54F-4D1F-A537-FF3383BCB741}"
EndProject
Project("{FAE04EC0-301F-11D3-BF4B-00C04F79EFBC}") = "PersonalBlog.ConfigProvider.Web", "Services\ConfigProvider\PersonalBlog.ConfigProvider.Web\PersonalBlog.ConfigProvider.Web.csproj", "{604A4A16-A661-437F-B165-556C0727E1E2}"
EndProject
Project("{FAE04EC0-301F-11D3-BF4B-00C04F79EFBC}") = "PersonalBlog.BuildingBlocks.Logging", "BuildingBlocks\Utilities\PersonalBlog.BuildingBlocks.Logging\PersonalBlog.BuildingBlocks.Logging.csproj", "{C183B486-6E76-4E8F-8194-31CF1A30BDF5}"
EndProject
Global
	GlobalSection(SolutionConfigurationPlatforms) = preSolution
		Debug|Any CPU = Debug|Any CPU
		Release|Any CPU = Release|Any CPU
	EndGlobalSection
	GlobalSection(SolutionProperties) = preSolution
		HideSolutionNode = FALSE
	EndGlobalSection
	GlobalSection(ProjectConfigurationPlatforms) = postSolution
		{7E9762FF-24BE-4FBA-968F-741B903F1060}.Debug|Any CPU.ActiveCfg = Debug|Any CPU
		{7E9762FF-24BE-4FBA-968F-741B903F1060}.Debug|Any CPU.Build.0 = Debug|Any CPU
		{7E9762FF-24BE-4FBA-968F-741B903F1060}.Release|Any CPU.ActiveCfg = Release|Any CPU
		{7E9762FF-24BE-4FBA-968F-741B903F1060}.Release|Any CPU.Build.0 = Release|Any CPU
		{80EAC9BB-DC3C-4BBF-97CF-3EC1AA85A8C2}.Debug|Any CPU.ActiveCfg = Debug|Any CPU
		{80EAC9BB-DC3C-4BBF-97CF-3EC1AA85A8C2}.Debug|Any CPU.Build.0 = Debug|Any CPU
		{80EAC9BB-DC3C-4BBF-97CF-3EC1AA85A8C2}.Release|Any CPU.ActiveCfg = Release|Any CPU
		{80EAC9BB-DC3C-4BBF-97CF-3EC1AA85A8C2}.Release|Any CPU.Build.0 = Release|Any CPU
		{AB009046-9E1A-461E-87D1-513414252779}.Debug|Any CPU.ActiveCfg = Debug|Any CPU
		{AB009046-9E1A-461E-87D1-513414252779}.Debug|Any CPU.Build.0 = Debug|Any CPU
		{AB009046-9E1A-461E-87D1-513414252779}.Release|Any CPU.ActiveCfg = Release|Any CPU
		{AB009046-9E1A-461E-87D1-513414252779}.Release|Any CPU.Build.0 = Release|Any CPU
		{F9C42AF1-1B0B-4952-9B2B-63EC57BE8BB4}.Debug|Any CPU.ActiveCfg = Debug|Any CPU
		{F9C42AF1-1B0B-4952-9B2B-63EC57BE8BB4}.Debug|Any CPU.Build.0 = Debug|Any CPU
		{F9C42AF1-1B0B-4952-9B2B-63EC57BE8BB4}.Release|Any CPU.ActiveCfg = Release|Any CPU
		{F9C42AF1-1B0B-4952-9B2B-63EC57BE8BB4}.Release|Any CPU.Build.0 = Release|Any CPU
		{1E8D4FEE-31F0-4135-B874-B45CBCB6F3DF}.Debug|Any CPU.ActiveCfg = Debug|Any CPU
		{1E8D4FEE-31F0-4135-B874-B45CBCB6F3DF}.Debug|Any CPU.Build.0 = Debug|Any CPU
		{1E8D4FEE-31F0-4135-B874-B45CBCB6F3DF}.Release|Any CPU.ActiveCfg = Release|Any CPU
		{1E8D4FEE-31F0-4135-B874-B45CBCB6F3DF}.Release|Any CPU.Build.0 = Release|Any CPU
		{49AF322A-68A1-4378-B2BE-34F012D6C09A}.Debug|Any CPU.ActiveCfg = Debug|Any CPU
		{49AF322A-68A1-4378-B2BE-34F012D6C09A}.Debug|Any CPU.Build.0 = Debug|Any CPU
		{49AF322A-68A1-4378-B2BE-34F012D6C09A}.Release|Any CPU.ActiveCfg = Release|Any CPU
		{49AF322A-68A1-4378-B2BE-34F012D6C09A}.Release|Any CPU.Build.0 = Release|Any CPU
		{1E7DC6F3-D9B6-4392-BCEC-DF99AE22A833}.Debug|Any CPU.ActiveCfg = Debug|Any CPU
		{1E7DC6F3-D9B6-4392-BCEC-DF99AE22A833}.Debug|Any CPU.Build.0 = Debug|Any CPU
		{1E7DC6F3-D9B6-4392-BCEC-DF99AE22A833}.Release|Any CPU.ActiveCfg = Release|Any CPU
		{1E7DC6F3-D9B6-4392-BCEC-DF99AE22A833}.Release|Any CPU.Build.0 = Release|Any CPU
		{53634C5F-D16C-47C8-B08B-8FB3E5EE5C66}.Debug|Any CPU.ActiveCfg = Debug|Any CPU
		{53634C5F-D16C-47C8-B08B-8FB3E5EE5C66}.Debug|Any CPU.Build.0 = Debug|Any CPU
		{53634C5F-D16C-47C8-B08B-8FB3E5EE5C66}.Release|Any CPU.ActiveCfg = Release|Any CPU
		{53634C5F-D16C-47C8-B08B-8FB3E5EE5C66}.Release|Any CPU.Build.0 = Release|Any CPU
		{F4AFEBC5-E616-4334-AAC8-9641946A808E}.Debug|Any CPU.ActiveCfg = Debug|Any CPU
		{F4AFEBC5-E616-4334-AAC8-9641946A808E}.Debug|Any CPU.Build.0 = Debug|Any CPU
		{F4AFEBC5-E616-4334-AAC8-9641946A808E}.Release|Any CPU.ActiveCfg = Release|Any CPU
		{F4AFEBC5-E616-4334-AAC8-9641946A808E}.Release|Any CPU.Build.0 = Release|Any CPU
		{776187F6-B87E-490A-82DA-DE7290523315}.Debug|Any CPU.ActiveCfg = Debug|Any CPU
		{776187F6-B87E-490A-82DA-DE7290523315}.Debug|Any CPU.Build.0 = Debug|Any CPU
		{776187F6-B87E-490A-82DA-DE7290523315}.Release|Any CPU.ActiveCfg = Release|Any CPU
		{776187F6-B87E-490A-82DA-DE7290523315}.Release|Any CPU.Build.0 = Release|Any CPU
		{1DA4BD17-B677-4858-933E-288FAC229F81}.Debug|Any CPU.ActiveCfg = Debug|Any CPU
		{1DA4BD17-B677-4858-933E-288FAC229F81}.Debug|Any CPU.Build.0 = Debug|Any CPU
		{1DA4BD17-B677-4858-933E-288FAC229F81}.Release|Any CPU.ActiveCfg = Release|Any CPU
		{1DA4BD17-B677-4858-933E-288FAC229F81}.Release|Any CPU.Build.0 = Release|Any CPU
		{69F6F5F3-EB28-4500-81C7-59D5BA26271B}.Debug|Any CPU.ActiveCfg = Debug|Any CPU
		{69F6F5F3-EB28-4500-81C7-59D5BA26271B}.Debug|Any CPU.Build.0 = Debug|Any CPU
		{69F6F5F3-EB28-4500-81C7-59D5BA26271B}.Release|Any CPU.ActiveCfg = Release|Any CPU
		{69F6F5F3-EB28-4500-81C7-59D5BA26271B}.Release|Any CPU.Build.0 = Release|Any CPU
		{D6B441EC-BF61-4C9E-9987-E104F74350F9}.Debug|Any CPU.ActiveCfg = Debug|Any CPU
		{D6B441EC-BF61-4C9E-9987-E104F74350F9}.Debug|Any CPU.Build.0 = Debug|Any CPU
		{D6B441EC-BF61-4C9E-9987-E104F74350F9}.Release|Any CPU.ActiveCfg = Release|Any CPU
		{D6B441EC-BF61-4C9E-9987-E104F74350F9}.Release|Any CPU.Build.0 = Release|Any CPU
		{BCB72265-A796-4D5D-90B7-A8128A7679C2}.Debug|Any CPU.ActiveCfg = Debug|Any CPU
		{BCB72265-A796-4D5D-90B7-A8128A7679C2}.Debug|Any CPU.Build.0 = Debug|Any CPU
		{BCB72265-A796-4D5D-90B7-A8128A7679C2}.Release|Any CPU.ActiveCfg = Release|Any CPU
		{BCB72265-A796-4D5D-90B7-A8128A7679C2}.Release|Any CPU.Build.0 = Release|Any CPU
		{604A4A16-A661-437F-B165-556C0727E1E2}.Debug|Any CPU.ActiveCfg = Debug|Any CPU
		{604A4A16-A661-437F-B165-556C0727E1E2}.Debug|Any CPU.Build.0 = Debug|Any CPU
		{604A4A16-A661-437F-B165-556C0727E1E2}.Release|Any CPU.ActiveCfg = Release|Any CPU
		{604A4A16-A661-437F-B165-556C0727E1E2}.Release|Any CPU.Build.0 = Release|Any CPU
		{C183B486-6E76-4E8F-8194-31CF1A30BDF5}.Debug|Any CPU.ActiveCfg = Debug|Any CPU
		{C183B486-6E76-4E8F-8194-31CF1A30BDF5}.Debug|Any CPU.Build.0 = Debug|Any CPU
		{C183B486-6E76-4E8F-8194-31CF1A30BDF5}.Release|Any CPU.ActiveCfg = Release|Any CPU
		{C183B486-6E76-4E8F-8194-31CF1A30BDF5}.Release|Any CPU.Build.0 = Release|Any CPU
	EndGlobalSection
	GlobalSection(NestedProjects) = preSolution
		{FADA4ABA-A068-46D8-9B1C-6C38C63D71D9} = {AEDFBAD3-B8C3-4A49-B326-9DC6A054A1AF}
		{7E9762FF-24BE-4FBA-968F-741B903F1060} = {FADA4ABA-A068-46D8-9B1C-6C38C63D71D9}
		{80EAC9BB-DC3C-4BBF-97CF-3EC1AA85A8C2} = {FADA4ABA-A068-46D8-9B1C-6C38C63D71D9}
		{AB009046-9E1A-461E-87D1-513414252779} = {FADA4ABA-A068-46D8-9B1C-6C38C63D71D9}
		{F9C42AF1-1B0B-4952-9B2B-63EC57BE8BB4} = {FADA4ABA-A068-46D8-9B1C-6C38C63D71D9}
		{2F742885-571F-4F0F-830B-DCCE77B53D10} = {A3BBCA0E-AA96-4522-BC78-28CAA2E63EA3}
		{1E8D4FEE-31F0-4135-B874-B45CBCB6F3DF} = {2F742885-571F-4F0F-830B-DCCE77B53D10}
		{49AF322A-68A1-4378-B2BE-34F012D6C09A} = {2F742885-571F-4F0F-830B-DCCE77B53D10}
		{3B11A48E-8249-4196-991B-46EA78E1AC88} = {AEDFBAD3-B8C3-4A49-B326-9DC6A054A1AF}
		{1E7DC6F3-D9B6-4392-BCEC-DF99AE22A833} = {3B11A48E-8249-4196-991B-46EA78E1AC88}
		{53634C5F-D16C-47C8-B08B-8FB3E5EE5C66} = {3B11A48E-8249-4196-991B-46EA78E1AC88}
		{F4AFEBC5-E616-4334-AAC8-9641946A808E} = {3B11A48E-8249-4196-991B-46EA78E1AC88}
		{776187F6-B87E-490A-82DA-DE7290523315} = {3B11A48E-8249-4196-991B-46EA78E1AC88}
		{AA38A0FA-A77D-44E4-A17C-F5CD5730B5AB} = {AEDFBAD3-B8C3-4A49-B326-9DC6A054A1AF}
		{1DA4BD17-B677-4858-933E-288FAC229F81} = {AA38A0FA-A77D-44E4-A17C-F5CD5730B5AB}
		{69F6F5F3-EB28-4500-81C7-59D5BA26271B} = {AA38A0FA-A77D-44E4-A17C-F5CD5730B5AB}
		{D6B441EC-BF61-4C9E-9987-E104F74350F9} = {AA38A0FA-A77D-44E4-A17C-F5CD5730B5AB}
		{BCB72265-A796-4D5D-90B7-A8128A7679C2} = {AA38A0FA-A77D-44E4-A17C-F5CD5730B5AB}
		{7BE0466E-E54F-4D1F-A537-FF3383BCB741} = {AEDFBAD3-B8C3-4A49-B326-9DC6A054A1AF}
		{604A4A16-A661-437F-B165-556C0727E1E2} = {7BE0466E-E54F-4D1F-A537-FF3383BCB741}
		{C183B486-6E76-4E8F-8194-31CF1A30BDF5} = {2F742885-571F-4F0F-830B-DCCE77B53D10}
	EndGlobalSection
EndGlobal
